
Microsoft Visual Studio Solution File, Format Version 12.00
# Visual Studio 2012
Project("{E24C65DC-7377-472B-9ABA-BC803B73C61A}") = "Student_Progress", ".", "{86C0FE34-2EDF-4E23-8C51-D3AD34DF2AC5}"
	ProjectSection(WebsiteProperties) = preProject
		TargetFrameworkMoniker = ".NETFramework,Version%3Dv4.5"
		Debug.AspNetCompiler.VirtualPath = "/Student_Progress"
		Debug.AspNetCompiler.PhysicalPath = "..\Student_Progress\"
		Debug.AspNetCompiler.TargetPath = "PrecompiledWeb\Student_Progress\"
		Debug.AspNetCompiler.Updateable = "true"
		Debug.AspNetCompiler.ForceOverwrite = "true"
		Debug.AspNetCompiler.FixedNames = "false"
		Debug.AspNetCompiler.Debug = "True"
		Release.AspNetCompiler.VirtualPath = "/Student_Progress"
		Release.AspNetCompiler.PhysicalPath = "..\Student_Progress\"
		Release.AspNetCompiler.TargetPath = "PrecompiledWeb\Student_Progress\"
		Release.AspNetCompiler.Updateable = "true"
		Release.AspNetCompiler.ForceOverwrite = "true"
		Release.AspNetCompiler.FixedNames = "false"
		Release.AspNetCompiler.Debug = "False"
		VWDPort = "2036"
	EndProjectSection
EndProject
Global
	GlobalSection(SolutionConfigurationPlatforms) = preSolution
		Debug|Any CPU = Debug|Any CPU
	EndGlobalSection
	GlobalSection(ProjectConfigurationPlatforms) = postSolution
		{86C0FE34-2EDF-4E23-8C51-D3AD34DF2AC5}.Debug|Any CPU.ActiveCfg = Debug|Any CPU
		{86C0FE34-2EDF-4E23-8C51-D3AD34DF2AC5}.Debug|Any CPU.Build.0 = Debug|Any CPU
	EndGlobalSection
	GlobalSection(SolutionProperties) = preSolution
		HideSolutionNode = FALSE
	EndGlobalSection
EndGlobal
